// !$*UTF8*$!
{
	archiveVersion = 1;
	classes = {
	};
	objectVersion = 52;
	objects = {

/* Begin PBXBuildFile section */
		E20EC87824B0639E006C9FB8 /* AppDelegate.swift in Sources */ = {isa = PBXBuildFile; fileRef = E20EC87724B0639E006C9FB8 /* AppDelegate.swift */; };
		E20EC87A24B0639E006C9FB8 /* SceneDelegate.swift in Sources */ = {isa = PBXBuildFile; fileRef = E20EC87924B0639E006C9FB8 /* SceneDelegate.swift */; };
		E20EC87C24B0639E006C9FB8 /* ContentView.swift in Sources */ = {isa = PBXBuildFile; fileRef = E20EC87B24B0639E006C9FB8 /* ContentView.swift */; };
		E20EC87E24B0639E006C9FB8 /* Assets.xcassets in Resources */ = {isa = PBXBuildFile; fileRef = E20EC87D24B0639E006C9FB8 /* Assets.xcassets */; };
		E20EC88124B0639E006C9FB8 /* Preview Assets.xcassets in Resources */ = {isa = PBXBuildFile; fileRef = E20EC88024B0639E006C9FB8 /* Preview Assets.xcassets */; };
		E20EC88424B0639E006C9FB8 /* LaunchScreen.storyboard in Resources */ = {isa = PBXBuildFile; fileRef = E20EC88224B0639E006C9FB8 /* LaunchScreen.storyboard */; };
		E25CFD8A24C2EE5000EBA240 /* MyColor.swift in Sources */ = {isa = PBXBuildFile; fileRef = E25CFD8924C2EE5000EBA240 /* MyColor.swift */; };
		E25CFD9024C31F5000EBA240 /* CloudStorage in Frameworks */ = {isa = PBXBuildFile; productRef = E25CFD8F24C31F5000EBA240 /* CloudStorage */; };
		E25CFD9324C3242D00EBA240 /* CloudStorage+Codable.swift in Sources */ = {isa = PBXBuildFile; fileRef = E25CFD9224C3242D00EBA240 /* CloudStorage+Codable.swift */; };
/* End PBXBuildFile section */

/* Begin PBXFileReference section */
		E20EC87424B0639E006C9FB8 /* CloudStorage-iOS13.app */ = {isa = PBXFileReference; explicitFileType = wrapper.application; includeInIndex = 0; path = "CloudStorage-iOS13.app"; sourceTree = BUILT_PRODUCTS_DIR; };
		E20EC87724B0639E006C9FB8 /* AppDelegate.swift */ = {isa = PBXFileReference; lastKnownFileType = sourcecode.swift; path = AppDelegate.swift; sourceTree = "<group>"; };
		E20EC87924B0639E006C9FB8 /* SceneDelegate.swift */ = {isa = PBXFileReference; lastKnownFileType = sourcecode.swift; path = SceneDelegate.swift; sourceTree = "<group>"; };
		E20EC87B24B0639E006C9FB8 /* ContentView.swift */ = {isa = PBXFileReference; lastKnownFileType = sourcecode.swift; path = ContentView.swift; sourceTree = "<group>"; };
		E20EC87D24B0639E006C9FB8 /* Assets.xcassets */ = {isa = PBXFileReference; lastKnownFileType = folder.assetcatalog; path = Assets.xcassets; sourceTree = "<group>"; };
		E20EC88024B0639E006C9FB8 /* Preview Assets.xcassets */ = {isa = PBXFileReference; lastKnownFileType = folder.assetcatalog; path = "Preview Assets.xcassets"; sourceTree = "<group>"; };
		E20EC88324B0639E006C9FB8 /* Base */ = {isa = PBXFileReference; lastKnownFileType = file.storyboard; name = Base; path = Base.lproj/LaunchScreen.storyboard; sourceTree = "<group>"; };
		E20EC88524B0639E006C9FB8 /* Info.plist */ = {isa = PBXFileReference; lastKnownFileType = text.plist.xml; path = Info.plist; sourceTree = "<group>"; };
		E22E35F724B212160023F35A /* CloudStorage-iOS13.entitlements */ = {isa = PBXFileReference; fileEncoding = 4; lastKnownFileType = text.plist.entitlements; path = "CloudStorage-iOS13.entitlements"; sourceTree = "<group>"; };
		E25CFD8924C2EE5000EBA240 /* MyColor.swift */ = {isa = PBXFileReference; lastKnownFileType = sourcecode.swift; path = MyColor.swift; sourceTree = "<group>"; };
		E25CFD8D24C3173E00EBA240 /* CloudStorage */ = {isa = PBXFileReference; lastKnownFileType = folder; name = CloudStorage; path = ..; sourceTree = "<group>"; };
		E25CFD9224C3242D00EBA240 /* CloudStorage+Codable.swift */ = {isa = PBXFileReference; lastKnownFileType = sourcecode.swift; path = "CloudStorage+Codable.swift"; sourceTree = "<group>"; };
/* End PBXFileReference section */

/* Begin PBXFrameworksBuildPhase section */
		E20EC87124B0639E006C9FB8 /* Frameworks */ = {
			isa = PBXFrameworksBuildPhase;
			buildActionMask = 2147483647;
			files = (
				E25CFD9024C31F5000EBA240 /* CloudStorage in Frameworks */,
			);
			runOnlyForDeploymentPostprocessing = 0;
		};
/* End PBXFrameworksBuildPhase section */

/* Begin PBXGroup section */
		E20EC86B24B0639E006C9FB8 = {
			isa = PBXGroup;
			children = (
				E25CFD8D24C3173E00EBA240 /* CloudStorage */,
				E20EC87624B0639E006C9FB8 /* CloudStorage-iOS13 */,
				E20EC87524B0639E006C9FB8 /* Products */,
				E25CFD8E24C31F5000EBA240 /* Frameworks */,
			);
			sourceTree = "<group>";
		};
		E20EC87524B0639E006C9FB8 /* Products */ = {
			isa = PBXGroup;
			children = (
				E20EC87424B0639E006C9FB8 /* CloudStorage-iOS13.app */,
			);
			name = Products;
			sourceTree = "<group>";
		};
		E20EC87624B0639E006C9FB8 /* CloudStorage-iOS13 */ = {
			isa = PBXGroup;
			children = (
				E25CFD9124C322B200EBA240 /* Resources */,
				E20EC87F24B0639E006C9FB8 /* Preview Content */,
				E20EC87B24B0639E006C9FB8 /* ContentView.swift */,
				E25CFD8924C2EE5000EBA240 /* MyColor.swift */,
				E25CFD9224C3242D00EBA240 /* CloudStorage+Codable.swift */,
			);
			path = "CloudStorage-iOS13";
			sourceTree = "<group>";
		};
		E20EC87F24B0639E006C9FB8 /* Preview Content */ = {
			isa = PBXGroup;
			children = (
				E20EC88024B0639E006C9FB8 /* Preview Assets.xcassets */,
			);
			path = "Preview Content";
			sourceTree = "<group>";
		};
		E25CFD8E24C31F5000EBA240 /* Frameworks */ = {
			isa = PBXGroup;
			children = (
			);
			name = Frameworks;
			sourceTree = "<group>";
		};
		E25CFD9124C322B200EBA240 /* Resources */ = {
			isa = PBXGroup;
			children = (
				E22E35F724B212160023F35A /* CloudStorage-iOS13.entitlements */,
				E20EC87724B0639E006C9FB8 /* AppDelegate.swift */,
				E20EC87924B0639E006C9FB8 /* SceneDelegate.swift */,
				E20EC87D24B0639E006C9FB8 /* Assets.xcassets */,
				E20EC88224B0639E006C9FB8 /* LaunchScreen.storyboard */,
				E20EC88524B0639E006C9FB8 /* Info.plist */,
			);
			path = Resources;
			sourceTree = "<group>";
		};
/* End PBXGroup section */

/* Begin PBXNativeTarget section */
		E20EC87324B0639E006C9FB8 /* CloudStorage-iOS13 */ = {
			isa = PBXNativeTarget;
			buildConfigurationList = E20EC88824B0639E006C9FB8 /* Build configuration list for PBXNativeTarget "CloudStorage-iOS13" */;
			buildPhases = (
				E20EC87024B0639E006C9FB8 /* Sources */,
				E20EC87124B0639E006C9FB8 /* Frameworks */,
				E20EC87224B0639E006C9FB8 /* Resources */,
			);
			buildRules = (
			);
			dependencies = (
			);
			name = "CloudStorage-iOS13";
			packageProductDependencies = (
				E25CFD8F24C31F5000EBA240 /* CloudStorage */,
			);
			productName = "CloudStorage-iOS13";
			productReference = E20EC87424B0639E006C9FB8 /* CloudStorage-iOS13.app */;
			productType = "com.apple.product-type.application";
		};
/* End PBXNativeTarget section */

/* Begin PBXProject section */
		E20EC86C24B0639E006C9FB8 /* Project object */ = {
			isa = PBXProject;
			attributes = {
				LastSwiftUpdateCheck = 1150;
				LastUpgradeCheck = 1200;
				TargetAttributes = {
					E20EC87324B0639E006C9FB8 = {
						CreatedOnToolsVersion = 11.5;
					};
				};
			};
			buildConfigurationList = E20EC86F24B0639E006C9FB8 /* Build configuration list for PBXProject "CloudStorage-iOS13" */;
			compatibilityVersion = "Xcode 9.3";
			developmentRegion = en;
			hasScannedForEncodings = 0;
			knownRegions = (
				en,
				Base,
			);
			mainGroup = E20EC86B24B0639E006C9FB8;
			packageReferences = (
			);
			productRefGroup = E20EC87524B0639E006C9FB8 /* Products */;
			projectDirPath = "";
			projectRoot = "";
			targets = (
				E20EC87324B0639E006C9FB8 /* CloudStorage-iOS13 */,
			);
		};
/* End PBXProject section */

/* Begin PBXResourcesBuildPhase section */
		E20EC87224B0639E006C9FB8 /* Resources */ = {
			isa = PBXResourcesBuildPhase;
			buildActionMask = 2147483647;
			files = (
				E20EC88424B0639E006C9FB8 /* LaunchScreen.storyboard in Resources */,
				E20EC88124B0639E006C9FB8 /* Preview Assets.xcassets in Resources */,
				E20EC87E24B0639E006C9FB8 /* Assets.xcassets in Resources */,
			);
			runOnlyForDeploymentPostprocessing = 0;
		};
/* End PBXResourcesBuildPhase section */

/* Begin PBXSourcesBuildPhase section */
		E20EC87024B0639E006C9FB8 /* Sources */ = {
			isa = PBXSourcesBuildPhase;
			buildActionMask = 2147483647;
			files = (
				E20EC87824B0639E006C9FB8 /* AppDelegate.swift in Sources */,
				E20EC87A24B0639E006C9FB8 /* SceneDelegate.swift in Sources */,
				E25CFD9324C3242D00EBA240 /* CloudStorage+Codable.swift in Sources */,
				E20EC87C24B0639E006C9FB8 /* ContentView.swift in Sources */,
				E25CFD8A24C2EE5000EBA240 /* MyColor.swift in Sources */,
			);
			runOnlyForDeploymentPostprocessing = 0;
		};
/* End PBXSourcesBuildPhase section */

/* Begin PBXVariantGroup section */
		E20EC88224B0639E006C9FB8 /* LaunchScreen.storyboard */ = {
			isa = PBXVariantGroup;
			children = (
				E20EC88324B0639E006C9FB8 /* Base */,
			);
			name = LaunchScreen.storyboard;
			sourceTree = "<group>";
		};
/* End PBXVariantGroup section */

/* Begin XCBuildConfiguration section */
		E20EC88624B0639E006C9FB8 /* Debug */ = {
			isa = XCBuildConfiguration;
			buildSettings = {
				ALWAYS_SEARCH_USER_PATHS = NO;
				CLANG_ANALYZER_NONNULL = YES;
				CLANG_ANALYZER_NUMBER_OBJECT_CONVERSION = YES_AGGRESSIVE;
				CLANG_CXX_LANGUAGE_STANDARD = "gnu++14";
				CLANG_CXX_LIBRARY = "libc++";
				CLANG_ENABLE_MODULES = YES;
				CLANG_ENABLE_OBJC_ARC = YES;
				CLANG_ENABLE_OBJC_WEAK = YES;
				CLANG_WARN_BLOCK_CAPTURE_AUTORELEASING = YES;
				CLANG_WARN_BOOL_CONVERSION = YES;
				CLANG_WARN_COMMA = YES;
				CLANG_WARN_CONSTANT_CONVERSION = YES;
				CLANG_WARN_DEPRECATED_OBJC_IMPLEMENTATIONS = YES;
				CLANG_WARN_DIRECT_OBJC_ISA_USAGE = YES_ERROR;
				CLANG_WARN_DOCUMENTATION_COMMENTS = YES;
				CLANG_WARN_EMPTY_BODY = YES;
				CLANG_WARN_ENUM_CONVERSION = YES;
				CLANG_WARN_INFINITE_RECURSION = YES;
				CLANG_WARN_INT_CONVERSION = YES;
				CLANG_WARN_NON_LITERAL_NULL_CONVERSION = YES;
				CLANG_WARN_OBJC_IMPLICIT_RETAIN_SELF = YES;
				CLANG_WARN_OBJC_LITERAL_CONVERSION = YES;
				CLANG_WARN_OBJC_ROOT_CLASS = YES_ERROR;
				CLANG_WARN_QUOTED_INCLUDE_IN_FRAMEWORK_HEADER = YES;
				CLANG_WARN_RANGE_LOOP_ANALYSIS = YES;
				CLANG_WARN_STRICT_PROTOTYPES = YES;
				CLANG_WARN_SUSPICIOUS_MOVE = YES;
				CLANG_WARN_UNGUARDED_AVAILABILITY = YES_AGGRESSIVE;
				CLANG_WARN_UNREACHABLE_CODE = YES;
				CLANG_WARN__DUPLICATE_METHOD_MATCH = YES;
				COPY_PHASE_STRIP = NO;
				DEBUG_INFORMATION_FORMAT = dwarf;
				ENABLE_STRICT_OBJC_MSGSEND = YES;
				ENABLE_TESTABILITY = YES;
				GCC_C_LANGUAGE_STANDARD = gnu11;
				GCC_DYNAMIC_NO_PIC = NO;
				GCC_NO_COMMON_BLOCKS = YES;
				GCC_OPTIMIZATION_LEVEL = 0;
				GCC_PREPROCESSOR_DEFINITIONS = (
					"DEBUG=1",
					"$(inherited)",
				);
				GCC_WARN_64_TO_32_BIT_CONVERSION = YES;
				GCC_WARN_ABOUT_RETURN_TYPE = YES_ERROR;
				GCC_WARN_UNDECLARED_SELECTOR = YES;
				GCC_WARN_UNINITIALIZED_AUTOS = YES_AGGRESSIVE;
				GCC_WARN_UNUSED_FUNCTION = YES;
				GCC_WARN_UNUSED_VARIABLE = YES;
				IPHONEOS_DEPLOYMENT_TARGET = 13.5;
				MTL_ENABLE_DEBUG_INFO = INCLUDE_SOURCE;
				MTL_FAST_MATH = YES;
				ONLY_ACTIVE_ARCH = YES;
				SDKROOT = iphoneos;
				SWIFT_ACTIVE_COMPILATION_CONDITIONS = DEBUG;
				SWIFT_OPTIMIZATION_LEVEL = "-Onone";
			};
			name = Debug;
		};
		E20EC88724B0639E006C9FB8 /* Release */ = {
			isa = XCBuildConfiguration;
			buildSettings = {
				ALWAYS_SEARCH_USER_PATHS = NO;
				CLANG_ANALYZER_NONNULL = YES;
				CLANG_ANALYZER_NUMBER_OBJECT_CONVERSION = YES_AGGRESSIVE;
				CLANG_CXX_LANGUAGE_STANDARD = "gnu++14";
				CLANG_CXX_LIBRARY = "libc++";
				CLANG_ENABLE_MODULES = YES;
				CLANG_ENABLE_OBJC_ARC = YES;
				CLANG_ENABLE_OBJC_WEAK = YES;
				CLANG_WARN_BLOCK_CAPTURE_AUTORELEASING = YES;
				CLANG_WARN_BOOL_CONVERSION = YES;
				CLANG_WARN_COMMA = YES;
				CLANG_WARN_CONSTANT_CONVERSION = YES;
				CLANG_WARN_DEPRECATED_OBJC_IMPLEMENTATIONS = YES;
				CLANG_WARN_DIRECT_OBJC_ISA_USAGE = YES_ERROR;
				CLANG_WARN_DOCUMENTATION_COMMENTS = YES;
				CLANG_WARN_EMPTY_BODY = YES;
				CLANG_WARN_ENUM_CONVERSION = YES;
				CLANG_WARN_INFINITE_RECURSION = YES;
				CLANG_WARN_INT_CONVERSION = YES;
				CLANG_WARN_NON_LITERAL_NULL_CONVERSION = YES;
				CLANG_WARN_OBJC_IMPLICIT_RETAIN_SELF = YES;
				CLANG_WARN_OBJC_LITERAL_CONVERSION = YES;
				CLANG_WARN_OBJC_ROOT_CLASS = YES_ERROR;
				CLANG_WARN_QUOTED_INCLUDE_IN_FRAMEWORK_HEADER = YES;
				CLANG_WARN_RANGE_LOOP_ANALYSIS = YES;
				CLANG_WARN_STRICT_PROTOTYPES = YES;
				CLANG_WARN_SUSPICIOUS_MOVE = YES;
				CLANG_WARN_UNGUARDED_AVAILABILITY = YES_AGGRESSIVE;
				CLANG_WARN_UNREACHABLE_CODE = YES;
				CLANG_WARN__DUPLICATE_METHOD_MATCH = YES;
				COPY_PHASE_STRIP = NO;
				DEBUG_INFORMATION_FORMAT = "dwarf-with-dsym";
				ENABLE_NS_ASSERTIONS = NO;
				ENABLE_STRICT_OBJC_MSGSEND = YES;
				GCC_C_LANGUAGE_STANDARD = gnu11;
				GCC_NO_COMMON_BLOCKS = YES;
				GCC_WARN_64_TO_32_BIT_CONVERSION = YES;
				GCC_WARN_ABOUT_RETURN_TYPE = YES_ERROR;
				GCC_WARN_UNDECLARED_SELECTOR = YES;
				GCC_WARN_UNINITIALIZED_AUTOS = YES_AGGRESSIVE;
				GCC_WARN_UNUSED_FUNCTION = YES;
				GCC_WARN_UNUSED_VARIABLE = YES;
				IPHONEOS_DEPLOYMENT_TARGET = 13.5;
				MTL_ENABLE_DEBUG_INFO = NO;
				MTL_FAST_MATH = YES;
				SDKROOT = iphoneos;
				SWIFT_COMPILATION_MODE = wholemodule;
				SWIFT_OPTIMIZATION_LEVEL = "-O";
				VALIDATE_PRODUCT = YES;
			};
			name = Release;
		};
		E20EC88924B0639E006C9FB8 /* Debug */ = {
			isa = XCBuildConfiguration;
			buildSettings = {
				ASSETCATALOG_COMPILER_APPICON_NAME = AppIcon;
				CODE_SIGN_ENTITLEMENTS = "CloudStorage-iOS13/Resources/CloudStorage-iOS13.entitlements";
				CODE_SIGN_STYLE = Automatic;
				DEVELOPMENT_ASSET_PATHS = "\"CloudStorage-iOS13/Preview Content\"";
				DEVELOPMENT_TEAM = "";
				"ENABLE_HARDENED_RUNTIME[sdk=macosx*]" = NO;
				ENABLE_PREVIEWS = YES;
				INFOPLIST_FILE = "CloudStorage-iOS13/Resources/Info.plist";
				LD_RUNPATH_SEARCH_PATHS = (
					"$(inherited)",
					"@executable_path/Frameworks",
				);
				PRODUCT_BUNDLE_IDENTIFIER = "com.example.CloudStorage-iOS13";
				PRODUCT_NAME = "$(TARGET_NAME)";
				SUPPORTS_MACCATALYST = YES;
				SWIFT_VERSION = 5.0;
				TARGETED_DEVICE_FAMILY = "1,2";
			};
			name = Debug;
		};
		E20EC88A24B0639E006C9FB8 /* Release */ = {
			isa = XCBuildConfiguration;
			buildSettings = {
				ASSETCATALOG_COMPILER_APPICON_NAME = AppIcon;
				CODE_SIGN_ENTITLEMENTS = "CloudStorage-iOS13/Resources/CloudStorage-iOS13.entitlements";
				CODE_SIGN_STYLE = Automatic;
				DEVELOPMENT_ASSET_PATHS = "\"CloudStorage-iOS13/Preview Content\"";
				DEVELOPMENT_TEAM = "";
				"ENABLE_HARDENED_RUNTIME[sdk=macosx*]" = NO;
				ENABLE_PREVIEWS = YES;
				INFOPLIST_FILE = "CloudStorage-iOS13/Resources/Info.plist";
				LD_RUNPATH_SEARCH_PATHS = (
					"$(inherited)",
					"@executable_path/Frameworks",
				);
				PRODUCT_BUNDLE_IDENTIFIER = "com.example.CloudStorage-iOS13";
				PRODUCT_NAME = "$(TARGET_NAME)";
				SUPPORTS_MACCATALYST = YES;
				SWIFT_VERSION = 5.0;
				TARGETED_DEVICE_FAMILY = "1,2";
			};
			name = Release;
		};
/* End XCBuildConfiguration section */

/* Begin XCConfigurationList section */
		E20EC86F24B0639E006C9FB8 /* Build configuration list for PBXProject "CloudStorage-iOS13" */ = {
			isa = XCConfigurationList;
			buildConfigurations = (
				E20EC88624B0639E006C9FB8 /* Debug */,
				E20EC88724B0639E006C9FB8 /* Release */,
			);
			defaultConfigurationIsVisible = 0;
			defaultConfigurationName = Release;
		};
		E20EC88824B0639E006C9FB8 /* Build configuration list for PBXNativeTarget "CloudStorage-iOS13" */ = {
			isa = XCConfigurationList;
			buildConfigurations = (
				E20EC88924B0639E006C9FB8 /* Debug */,
				E20EC88A24B0639E006C9FB8 /* Release */,
			);
			defaultConfigurationIsVisible = 0;
			defaultConfigurationName = Release;
		};
/* End XCConfigurationList section */

/* Begin XCSwiftPackageProductDependency section */
		E25CFD8F24C31F5000EBA240 /* CloudStorage */ = {
			isa = XCSwiftPackageProductDependency;
			productName = CloudStorage;
		};
/* End XCSwiftPackageProductDependency section */
	};
	rootObject = E20EC86C24B0639E006C9FB8 /* Project object */;
}
